
Microsoft Visual Studio Solution File, Format Version 12.00
# Visual Studio Version 17
VisualStudioVersion = 17.5.33627.172
MinimumVisualStudioVersion = 10.0.40219.1
Project("{FAE04EC0-301F-11D3-BF4B-00C04F79EFBC}") = "ESProjetoFase2", "ESProjetoFase2\ESProjetoFase2.csproj", "{B70DB6F5-C848-42A5-8F12-A8F6EC678E2F}"
EndProject
Global
	GlobalSection(SolutionConfigurationPlatforms) = preSolution
		Debug|Any CPU = Debug|Any CPU
		Release|Any CPU = Release|Any CPU
	EndGlobalSection
	GlobalSection(ProjectConfigurationPlatforms) = postSolution
		{B70DB6F5-C848-42A5-8F12-A8F6EC678E2F}.Debug|Any CPU.ActiveCfg = Debug|Any CPU
		{B70DB6F5-C848-42A5-8F12-A8F6EC678E2F}.Debug|Any CPU.Build.0 = Debug|Any CPU
		{B70DB6F5-C848-42A5-8F12-A8F6EC678E2F}.Release|Any CPU.ActiveCfg = Release|Any CPU
		{B70DB6F5-C848-42A5-8F12-A8F6EC678E2F}.Release|Any CPU.Build.0 = Release|Any CPU
	EndGlobalSection
	GlobalSection(SolutionProperties) = preSolution
		HideSolutionNode = FALSE
	EndGlobalSection
	GlobalSection(ExtensibilityGlobals) = postSolution
		SolutionGuid = {2D45ED04-73C6-4C15-A9EB-27C1B9D4F023}
	EndGlobalSection
EndGlobal
